
Microsoft Visual Studio Solution File, Format Version 12.00
# Visual Studio Version 17
VisualStudioVersion = 17.3.32922.545
MinimumVisualStudioVersion = 10.0.40219.1
Project("{FAE04EC0-301F-11D3-BF4B-00C04F79EFBC}") = "AddressBookManagementSystem", "AddressBookManagementSystem\AddressBookManagementSystem.csproj", "{611CF59B-757C-4E07-A2C6-008450728FB0}"
EndProject
Global
	GlobalSection(SolutionConfigurationPlatforms) = preSolution
		Debug|Any CPU = Debug|Any CPU
		Release|Any CPU = Release|Any CPU
	EndGlobalSection
	GlobalSection(ProjectConfigurationPlatforms) = postSolution
		{611CF59B-757C-4E07-A2C6-008450728FB0}.Debug|Any CPU.ActiveCfg = Debug|Any CPU
		{611CF59B-757C-4E07-A2C6-008450728FB0}.Debug|Any CPU.Build.0 = Debug|Any CPU
		{611CF59B-757C-4E07-A2C6-008450728FB0}.Release|Any CPU.ActiveCfg = Release|Any CPU
		{611CF59B-757C-4E07-A2C6-008450728FB0}.Release|Any CPU.Build.0 = Release|Any CPU
	EndGlobalSection
	GlobalSection(SolutionProperties) = preSolution
		HideSolutionNode = FALSE
	EndGlobalSection
	GlobalSection(ExtensibilityGlobals) = postSolution
		SolutionGuid = {83EA2EC9-1813-4151-882E-1F5C8F17EC38}
	EndGlobalSection
EndGlobal
